// !$*UTF8*$!
{
	archiveVersion = 1;
	classes = {
	};
	objectVersion = 50;
	objects = {

/* Begin PBXBuildFile section */
		50457010235B7D7800188E5B /* BetterRestView.swift in Sources */ = {isa = PBXBuildFile; fileRef = 5045700F235B7D7800188E5B /* BetterRestView.swift */; };
		50457012235C609500188E5B /* SleepCalculator.mlmodel in Sources */ = {isa = PBXBuildFile; fileRef = 50457011235C609500188E5B /* SleepCalculator.mlmodel */; };
		505244972359B1D700D874A8 /* RockPaperScissorsView.swift in Sources */ = {isa = PBXBuildFile; fileRef = 505244962359B1D700D874A8 /* RockPaperScissorsView.swift */; };
		506A3C6B2355C0AD00FDA554 /* GuessTheFlagView.swift in Sources */ = {isa = PBXBuildFile; fileRef = 506A3C6A2355C0AD00FDA554 /* GuessTheFlagView.swift */; };
		50A0B1832350BA2D0011DD30 /* AppDelegate.swift in Sources */ = {isa = PBXBuildFile; fileRef = 50A0B1822350BA2D0011DD30 /* AppDelegate.swift */; };
		50A0B1852350BA2D0011DD30 /* SceneDelegate.swift in Sources */ = {isa = PBXBuildFile; fileRef = 50A0B1842350BA2D0011DD30 /* SceneDelegate.swift */; };
		50A0B1872350BA2D0011DD30 /* WeSplitView.swift in Sources */ = {isa = PBXBuildFile; fileRef = 50A0B1862350BA2D0011DD30 /* WeSplitView.swift */; };
		50A0B1892350BA2E0011DD30 /* Assets.xcassets in Resources */ = {isa = PBXBuildFile; fileRef = 50A0B1882350BA2E0011DD30 /* Assets.xcassets */; };
		50A0B18C2350BA2E0011DD30 /* Preview Assets.xcassets in Resources */ = {isa = PBXBuildFile; fileRef = 50A0B18B2350BA2E0011DD30 /* Preview Assets.xcassets */; };
		50A0B18F2350BA2E0011DD30 /* LaunchScreen.storyboard in Resources */ = {isa = PBXBuildFile; fileRef = 50A0B18D2350BA2E0011DD30 /* LaunchScreen.storyboard */; };
		50A0B1972350CB930011DD30 /* UnitConverterView.swift in Sources */ = {isa = PBXBuildFile; fileRef = 50A0B1962350CB930011DD30 /* UnitConverterView.swift */; };
		50CB2A022358592F0043E711 /* ViewsAndModifiersView.swift in Sources */ = {isa = PBXBuildFile; fileRef = 50CB2A012358592F0043E711 /* ViewsAndModifiersView.swift */; };
		50CB2A04235862A30043E711 /* RootNavigation.swift in Sources */ = {isa = PBXBuildFile; fileRef = 50CB2A03235862A30043E711 /* RootNavigation.swift */; };
/* End PBXBuildFile section */

/* Begin PBXFileReference section */
		5045700F235B7D7800188E5B /* BetterRestView.swift */ = {isa = PBXFileReference; lastKnownFileType = sourcecode.swift; path = BetterRestView.swift; sourceTree = "<group>"; };
		50457011235C609500188E5B /* SleepCalculator.mlmodel */ = {isa = PBXFileReference; lastKnownFileType = file.mlmodel; path = SleepCalculator.mlmodel; sourceTree = "<group>"; };
		505244962359B1D700D874A8 /* RockPaperScissorsView.swift */ = {isa = PBXFileReference; lastKnownFileType = sourcecode.swift; path = RockPaperScissorsView.swift; sourceTree = "<group>"; };
		506A3C6A2355C0AD00FDA554 /* GuessTheFlagView.swift */ = {isa = PBXFileReference; lastKnownFileType = sourcecode.swift; path = GuessTheFlagView.swift; sourceTree = "<group>"; };
		50A0B17F2350BA2D0011DD30 /* 100Days.app */ = {isa = PBXFileReference; explicitFileType = wrapper.application; includeInIndex = 0; path = 100Days.app; sourceTree = BUILT_PRODUCTS_DIR; };
		50A0B1822350BA2D0011DD30 /* AppDelegate.swift */ = {isa = PBXFileReference; lastKnownFileType = sourcecode.swift; path = AppDelegate.swift; sourceTree = "<group>"; };
		50A0B1842350BA2D0011DD30 /* SceneDelegate.swift */ = {isa = PBXFileReference; lastKnownFileType = sourcecode.swift; path = SceneDelegate.swift; sourceTree = "<group>"; };
		50A0B1862350BA2D0011DD30 /* WeSplitView.swift */ = {isa = PBXFileReference; lastKnownFileType = sourcecode.swift; path = WeSplitView.swift; sourceTree = "<group>"; };
		50A0B1882350BA2E0011DD30 /* Assets.xcassets */ = {isa = PBXFileReference; lastKnownFileType = folder.assetcatalog; path = Assets.xcassets; sourceTree = "<group>"; };
		50A0B18B2350BA2E0011DD30 /* Preview Assets.xcassets */ = {isa = PBXFileReference; lastKnownFileType = folder.assetcatalog; path = "Preview Assets.xcassets"; sourceTree = "<group>"; };
		50A0B18E2350BA2E0011DD30 /* Base */ = {isa = PBXFileReference; lastKnownFileType = file.storyboard; name = Base; path = Base.lproj/LaunchScreen.storyboard; sourceTree = "<group>"; };
		50A0B1902350BA2E0011DD30 /* Info.plist */ = {isa = PBXFileReference; lastKnownFileType = text.plist.xml; path = Info.plist; sourceTree = "<group>"; };
		50A0B1962350CB930011DD30 /* UnitConverterView.swift */ = {isa = PBXFileReference; lastKnownFileType = sourcecode.swift; path = UnitConverterView.swift; sourceTree = "<group>"; };
		50CB2A012358592F0043E711 /* ViewsAndModifiersView.swift */ = {isa = PBXFileReference; lastKnownFileType = sourcecode.swift; path = ViewsAndModifiersView.swift; sourceTree = "<group>"; };
		50CB2A03235862A30043E711 /* RootNavigation.swift */ = {isa = PBXFileReference; lastKnownFileType = sourcecode.swift; path = RootNavigation.swift; sourceTree = "<group>"; };
/* End PBXFileReference section */

/* Begin PBXFrameworksBuildPhase section */
		50A0B17C2350BA2D0011DD30 /* Frameworks */ = {
			isa = PBXFrameworksBuildPhase;
			buildActionMask = 2147483647;
			files = (
			);
			runOnlyForDeploymentPostprocessing = 0;
		};
/* End PBXFrameworksBuildPhase section */

/* Begin PBXGroup section */
		50A0B1762350BA2D0011DD30 = {
			isa = PBXGroup;
			children = (
				50A0B1812350BA2D0011DD30 /* 100 Days Of SwiftUI */,
				50A0B1802350BA2D0011DD30 /* Products */,
			);
			sourceTree = "<group>";
		};
		50A0B1802350BA2D0011DD30 /* Products */ = {
			isa = PBXGroup;
			children = (
				50A0B17F2350BA2D0011DD30 /* 100Days.app */,
			);
			name = Products;
			sourceTree = "<group>";
		};
		50A0B1812350BA2D0011DD30 /* 100 Days Of SwiftUI */ = {
			isa = PBXGroup;
			children = (
				50A0B1822350BA2D0011DD30 /* AppDelegate.swift */,
				50A0B1842350BA2D0011DD30 /* SceneDelegate.swift */,
				50CB2A03235862A30043E711 /* RootNavigation.swift */,
				50A0B1862350BA2D0011DD30 /* WeSplitView.swift */,
				50A0B1962350CB930011DD30 /* UnitConverterView.swift */,
				506A3C6A2355C0AD00FDA554 /* GuessTheFlagView.swift */,
				50CB2A012358592F0043E711 /* ViewsAndModifiersView.swift */,
				505244962359B1D700D874A8 /* RockPaperScissorsView.swift */,
				5045700F235B7D7800188E5B /* BetterRestView.swift */,
				50457011235C609500188E5B /* SleepCalculator.mlmodel */,
				50A0B1882350BA2E0011DD30 /* Assets.xcassets */,
				50A0B18D2350BA2E0011DD30 /* LaunchScreen.storyboard */,
				50A0B1902350BA2E0011DD30 /* Info.plist */,
				50A0B18A2350BA2E0011DD30 /* Preview Content */,
			);
			path = "100 Days Of SwiftUI";
			sourceTree = "<group>";
		};
		50A0B18A2350BA2E0011DD30 /* Preview Content */ = {
			isa = PBXGroup;
			children = (
				50A0B18B2350BA2E0011DD30 /* Preview Assets.xcassets */,
			);
			path = "Preview Content";
			sourceTree = "<group>";
		};
/* End PBXGroup section */

/* Begin PBXNativeTarget section */
		50A0B17E2350BA2D0011DD30 /* 100Days */ = {
			isa = PBXNativeTarget;
			buildConfigurationList = 50A0B1932350BA2E0011DD30 /* Build configuration list for PBXNativeTarget "100Days" */;
			buildPhases = (
				50A0B17B2350BA2D0011DD30 /* Sources */,
				50A0B17C2350BA2D0011DD30 /* Frameworks */,
				50A0B17D2350BA2D0011DD30 /* Resources */,
			);
			buildRules = (
			);
			dependencies = (
			);
			name = 100Days;
			productName = WeSplit;
			productReference = 50A0B17F2350BA2D0011DD30 /* 100Days.app */;
			productType = "com.apple.product-type.application";
		};
/* End PBXNativeTarget section */

/* Begin PBXProject section */
		50A0B1772350BA2D0011DD30 /* Project object */ = {
			isa = PBXProject;
			attributes = {
				LastSwiftUpdateCheck = 1110;
				LastUpgradeCheck = 1110;
				ORGANIZATIONNAME = "Daniel Kennett";
				TargetAttributes = {
					50A0B17E2350BA2D0011DD30 = {
						CreatedOnToolsVersion = 11.1;
					};
				};
			};
			buildConfigurationList = 50A0B17A2350BA2D0011DD30 /* Build configuration list for PBXProject "100 Days of SwiftUI" */;
			compatibilityVersion = "Xcode 9.3";
			developmentRegion = en;
			hasScannedForEncodings = 0;
			knownRegions = (
				en,
				Base,
			);
			mainGroup = 50A0B1762350BA2D0011DD30;
			productRefGroup = 50A0B1802350BA2D0011DD30 /* Products */;
			projectDirPath = "";
			projectRoot = "";
			targets = (
				50A0B17E2350BA2D0011DD30 /* 100Days */,
			);
		};
/* End PBXProject section */

/* Begin PBXResourcesBuildPhase section */
		50A0B17D2350BA2D0011DD30 /* Resources */ = {
			isa = PBXResourcesBuildPhase;
			buildActionMask = 2147483647;
			files = (
				50A0B18F2350BA2E0011DD30 /* LaunchScreen.storyboard in Resources */,
				50A0B18C2350BA2E0011DD30 /* Preview Assets.xcassets in Resources */,
				50A0B1892350BA2E0011DD30 /* Assets.xcassets in Resources */,
			);
			runOnlyForDeploymentPostprocessing = 0;
		};
/* End PBXResourcesBuildPhase section */

/* Begin PBXSourcesBuildPhase section */
		50A0B17B2350BA2D0011DD30 /* Sources */ = {
			isa = PBXSourcesBuildPhase;
			buildActionMask = 2147483647;
			files = (
				50A0B1832350BA2D0011DD30 /* AppDelegate.swift in Sources */,
				505244972359B1D700D874A8 /* RockPaperScissorsView.swift in Sources */,
				50457012235C609500188E5B /* SleepCalculator.mlmodel in Sources */,
				50457010235B7D7800188E5B /* BetterRestView.swift in Sources */,
				50A0B1972350CB930011DD30 /* UnitConverterView.swift in Sources */,
				50A0B1852350BA2D0011DD30 /* SceneDelegate.swift in Sources */,
				50A0B1872350BA2D0011DD30 /* WeSplitView.swift in Sources */,
				50CB2A04235862A30043E711 /* RootNavigation.swift in Sources */,
				50CB2A022358592F0043E711 /* ViewsAndModifiersView.swift in Sources */,
				506A3C6B2355C0AD00FDA554 /* GuessTheFlagView.swift in Sources */,
			);
			runOnlyForDeploymentPostprocessing = 0;
		};
/* End PBXSourcesBuildPhase section */

/* Begin PBXVariantGroup section */
		50A0B18D2350BA2E0011DD30 /* LaunchScreen.storyboard */ = {
			isa = PBXVariantGroup;
			children = (
				50A0B18E2350BA2E0011DD30 /* Base */,
			);
			name = LaunchScreen.storyboard;
			sourceTree = "<group>";
		};
/* End PBXVariantGroup section */

/* Begin XCBuildConfiguration section */
		50A0B1912350BA2E0011DD30 /* Debug */ = {
			isa = XCBuildConfiguration;
			buildSettings = {
				ALWAYS_SEARCH_USER_PATHS = NO;
				CLANG_ANALYZER_NONNULL = YES;
				CLANG_ANALYZER_NUMBER_OBJECT_CONVERSION = YES_AGGRESSIVE;
				CLANG_CXX_LANGUAGE_STANDARD = "gnu++14";
				CLANG_CXX_LIBRARY = "libc++";
				CLANG_ENABLE_MODULES = YES;
				CLANG_ENABLE_OBJC_ARC = YES;
				CLANG_ENABLE_OBJC_WEAK = YES;
				CLANG_WARN_BLOCK_CAPTURE_AUTORELEASING = YES;
				CLANG_WARN_BOOL_CONVERSION = YES;
				CLANG_WARN_COMMA = YES;
				CLANG_WARN_CONSTANT_CONVERSION = YES;
				CLANG_WARN_DEPRECATED_OBJC_IMPLEMENTATIONS = YES;
				CLANG_WARN_DIRECT_OBJC_ISA_USAGE = YES_ERROR;
				CLANG_WARN_DOCUMENTATION_COMMENTS = YES;
				CLANG_WARN_EMPTY_BODY = YES;
				CLANG_WARN_ENUM_CONVERSION = YES;
				CLANG_WARN_INFINITE_RECURSION = YES;
				CLANG_WARN_INT_CONVERSION = YES;
				CLANG_WARN_NON_LITERAL_NULL_CONVERSION = YES;
				CLANG_WARN_OBJC_IMPLICIT_RETAIN_SELF = YES;
				CLANG_WARN_OBJC_LITERAL_CONVERSION = YES;
				CLANG_WARN_OBJC_ROOT_CLASS = YES_ERROR;
				CLANG_WARN_RANGE_LOOP_ANALYSIS = YES;
				CLANG_WARN_STRICT_PROTOTYPES = YES;
				CLANG_WARN_SUSPICIOUS_MOVE = YES;
				CLANG_WARN_UNGUARDED_AVAILABILITY = YES_AGGRESSIVE;
				CLANG_WARN_UNREACHABLE_CODE = YES;
				CLANG_WARN__DUPLICATE_METHOD_MATCH = YES;
				COPY_PHASE_STRIP = NO;
				DEBUG_INFORMATION_FORMAT = dwarf;
				ENABLE_STRICT_OBJC_MSGSEND = YES;
				ENABLE_TESTABILITY = YES;
				GCC_C_LANGUAGE_STANDARD = gnu11;
				GCC_DYNAMIC_NO_PIC = NO;
				GCC_NO_COMMON_BLOCKS = YES;
				GCC_OPTIMIZATION_LEVEL = 0;
				GCC_PREPROCESSOR_DEFINITIONS = (
					"DEBUG=1",
					"$(inherited)",
				);
				GCC_WARN_64_TO_32_BIT_CONVERSION = YES;
				GCC_WARN_ABOUT_RETURN_TYPE = YES_ERROR;
				GCC_WARN_UNDECLARED_SELECTOR = YES;
				GCC_WARN_UNINITIALIZED_AUTOS = YES_AGGRESSIVE;
				GCC_WARN_UNUSED_FUNCTION = YES;
				GCC_WARN_UNUSED_VARIABLE = YES;
				IPHONEOS_DEPLOYMENT_TARGET = 13.1;
				MTL_ENABLE_DEBUG_INFO = INCLUDE_SOURCE;
				MTL_FAST_MATH = YES;
				ONLY_ACTIVE_ARCH = YES;
				SDKROOT = iphoneos;
				SWIFT_ACTIVE_COMPILATION_CONDITIONS = DEBUG;
				SWIFT_OPTIMIZATION_LEVEL = "-Onone";
			};
			name = Debug;
		};
		50A0B1922350BA2E0011DD30 /* Release */ = {
			isa = XCBuildConfiguration;
			buildSettings = {
				ALWAYS_SEARCH_USER_PATHS = NO;
				CLANG_ANALYZER_NONNULL = YES;
				CLANG_ANALYZER_NUMBER_OBJECT_CONVERSION = YES_AGGRESSIVE;
				CLANG_CXX_LANGUAGE_STANDARD = "gnu++14";
				CLANG_CXX_LIBRARY = "libc++";
				CLANG_ENABLE_MODULES = YES;
				CLANG_ENABLE_OBJC_ARC = YES;
				CLANG_ENABLE_OBJC_WEAK = YES;
				CLANG_WARN_BLOCK_CAPTURE_AUTORELEASING = YES;
				CLANG_WARN_BOOL_CONVERSION = YES;
				CLANG_WARN_COMMA = YES;
				CLANG_WARN_CONSTANT_CONVERSION = YES;
				CLANG_WARN_DEPRECATED_OBJC_IMPLEMENTATIONS = YES;
				CLANG_WARN_DIRECT_OBJC_ISA_USAGE = YES_ERROR;
				CLANG_WARN_DOCUMENTATION_COMMENTS = YES;
				CLANG_WARN_EMPTY_BODY = YES;
				CLANG_WARN_ENUM_CONVERSION = YES;
				CLANG_WARN_INFINITE_RECURSION = YES;
				CLANG_WARN_INT_CONVERSION = YES;
				CLANG_WARN_NON_LITERAL_NULL_CONVERSION = YES;
				CLANG_WARN_OBJC_IMPLICIT_RETAIN_SELF = YES;
				CLANG_WARN_OBJC_LITERAL_CONVERSION = YES;
				CLANG_WARN_OBJC_ROOT_CLASS = YES_ERROR;
				CLANG_WARN_RANGE_LOOP_ANALYSIS = YES;
				CLANG_WARN_STRICT_PROTOTYPES = YES;
				CLANG_WARN_SUSPICIOUS_MOVE = YES;
				CLANG_WARN_UNGUARDED_AVAILABILITY = YES_AGGRESSIVE;
				CLANG_WARN_UNREACHABLE_CODE = YES;
				CLANG_WARN__DUPLICATE_METHOD_MATCH = YES;
				COPY_PHASE_STRIP = NO;
				DEBUG_INFORMATION_FORMAT = "dwarf-with-dsym";
				ENABLE_NS_ASSERTIONS = NO;
				ENABLE_STRICT_OBJC_MSGSEND = YES;
				GCC_C_LANGUAGE_STANDARD = gnu11;
				GCC_NO_COMMON_BLOCKS = YES;
				GCC_WARN_64_TO_32_BIT_CONVERSION = YES;
				GCC_WARN_ABOUT_RETURN_TYPE = YES_ERROR;
				GCC_WARN_UNDECLARED_SELECTOR = YES;
				GCC_WARN_UNINITIALIZED_AUTOS = YES_AGGRESSIVE;
				GCC_WARN_UNUSED_FUNCTION = YES;
				GCC_WARN_UNUSED_VARIABLE = YES;
				IPHONEOS_DEPLOYMENT_TARGET = 13.1;
				MTL_ENABLE_DEBUG_INFO = NO;
				MTL_FAST_MATH = YES;
				SDKROOT = iphoneos;
				SWIFT_COMPILATION_MODE = wholemodule;
				SWIFT_OPTIMIZATION_LEVEL = "-O";
				VALIDATE_PRODUCT = YES;
			};
			name = Release;
		};
		50A0B1942350BA2E0011DD30 /* Debug */ = {
			isa = XCBuildConfiguration;
			buildSettings = {
				ASSETCATALOG_COMPILER_APPICON_NAME = AppIcon;
				CODE_SIGN_STYLE = Automatic;
				DEVELOPMENT_ASSET_PATHS = "\"100 Days Of SwiftUI/Preview Content\"";
				ENABLE_PREVIEWS = YES;
				INFOPLIST_FILE = "100 Days Of SwiftUI/Info.plist";
				LD_RUNPATH_SEARCH_PATHS = (
					"$(inherited)",
					"@executable_path/Frameworks",
				);
				PRODUCT_BUNDLE_IDENTIFIER = org.danielkennett.100Days;
				PRODUCT_NAME = "$(TARGET_NAME)";
				SWIFT_VERSION = 5.0;
				TARGETED_DEVICE_FAMILY = "1,2";
			};
			name = Debug;
		};
		50A0B1952350BA2E0011DD30 /* Release */ = {
			isa = XCBuildConfiguration;
			buildSettings = {
				ASSETCATALOG_COMPILER_APPICON_NAME = AppIcon;
				CODE_SIGN_STYLE = Automatic;
				DEVELOPMENT_ASSET_PATHS = "\"100 Days Of SwiftUI/Preview Content\"";
				ENABLE_PREVIEWS = YES;
				INFOPLIST_FILE = "100 Days Of SwiftUI/Info.plist";
				LD_RUNPATH_SEARCH_PATHS = (
					"$(inherited)",
					"@executable_path/Frameworks",
				);
				PRODUCT_BUNDLE_IDENTIFIER = org.danielkennett.100Days;
				PRODUCT_NAME = "$(TARGET_NAME)";
				SWIFT_VERSION = 5.0;
				TARGETED_DEVICE_FAMILY = "1,2";
			};
			name = Release;
		};
/* End XCBuildConfiguration section */

/* Begin XCConfigurationList section */
		50A0B17A2350BA2D0011DD30 /* Build configuration list for PBXProject "100 Days of SwiftUI" */ = {
			isa = XCConfigurationList;
			buildConfigurations = (
				50A0B1912350BA2E0011DD30 /* Debug */,
				50A0B1922350BA2E0011DD30 /* Release */,
			);
			defaultConfigurationIsVisible = 0;
			defaultConfigurationName = Release;
		};
		50A0B1932350BA2E0011DD30 /* Build configuration list for PBXNativeTarget "100Days" */ = {
			isa = XCConfigurationList;
			buildConfigurations = (
				50A0B1942350BA2E0011DD30 /* Debug */,
				50A0B1952350BA2E0011DD30 /* Release */,
			);
			defaultConfigurationIsVisible = 0;
			defaultConfigurationName = Release;
		};
/* End XCConfigurationList section */
	};
	rootObject = 50A0B1772350BA2D0011DD30 /* Project object */;
}
